
Microsoft Visual Studio Solution File, Format Version 12.00
# Visual Studio Version 17
VisualStudioVersion = 17.4.33213.308
MinimumVisualStudioVersion = 10.0.40219.1
Project("{FAE04EC0-301F-11D3-BF4B-00C04F79EFBC}") = "CashHub", "CashHub.csproj", "{6DCC7DB8-DB8F-44A4-9B17-96DFDF20F1FD}"
EndProject
Global
	GlobalSection(SolutionConfigurationPlatforms) = preSolution
		Debug|Any CPU = Debug|Any CPU
		Release|Any CPU = Release|Any CPU
	EndGlobalSection
	GlobalSection(ProjectConfigurationPlatforms) = postSolution
		{6DCC7DB8-DB8F-44A4-9B17-96DFDF20F1FD}.Debug|Any CPU.ActiveCfg = Debug|Any CPU
		{6DCC7DB8-DB8F-44A4-9B17-96DFDF20F1FD}.Debug|Any CPU.Build.0 = Debug|Any CPU
		{6DCC7DB8-DB8F-44A4-9B17-96DFDF20F1FD}.Release|Any CPU.ActiveCfg = Release|Any CPU
		{6DCC7DB8-DB8F-44A4-9B17-96DFDF20F1FD}.Release|Any CPU.Build.0 = Release|Any CPU
	EndGlobalSection
	GlobalSection(SolutionProperties) = preSolution
		HideSolutionNode = FALSE
	EndGlobalSection
	GlobalSection(ExtensibilityGlobals) = postSolution
		SolutionGuid = {08A5D528-F27E-4FDC-9A13-43F8E3B88B0B}
	EndGlobalSection
EndGlobal
